lockfileVersion: '9.0'

settings:
  autoInstallPeers: true
  excludeLinksFromLockfile: false

importers:

  .:
    devDependencies:
      '@types/node':
        specifier: ^22.10.7
        version: 22.10.7
      '@vercel/build-utils':
        specifier: ^9.0.1
        version: 9.0.1
      typescript:
        specifier: ^5.7.3
        version: 5.7.3

packages:

  '@types/node@22.10.7':
    resolution: {integrity: sha512-V09KvXxFiutGp6B7XkpaDXlNadZxrzajcY50EuoLIpQ6WWYCSvf19lVIazzfIzQvhUN2HjX12spLojTnhuKlGg==}

  '@vercel/build-utils@9.0.1':
    resolution: {integrity: sha512-pG/izEqA0AGyqQj6QBfGoTOKU9FPG18sYw9qpncEq00uA+J4Ly4e8ssNbENsXtnXqkMjeoS3c5ncR3jT0bOyiA==}

  typescript@5.7.3:
    resolution: {integrity: sha512-84MVSjMEHP+FQRPy3pX9sTVV/INIex71s9TL2Gm5FG/WG1SqXeKyZ0k7/blY/4FdOzI12CBy1vGc4og/eus0fw==}
    engines: {node: '>=14.17'}
    hasBin: true

  undici-types@6.20.0:
    resolution: {integrity: sha512-Ny6QZ2Nju20vw1SRHe3d9jVu6gJ+4e3+MMpqu7pqE5HT6WsTSlce++GQmK5UXS8mzV8DSYHrQH+Xrf2jVcuKNg==}

snapshots:

  '@types/node@22.10.7':
    dependencies:
      undici-types: 6.20.0

  '@vercel/build-utils@9.0.1': {}

  typescript@5.7.3: {}

  undici-types@6.20.0: {}
