# THIS IS AN AUTOGENERATED FILE. DO NOT EDIT THIS FILE DIRECTLY.
# yarn lockfile v1


"@vercel/build-utils@^2.4.0":
  version "2.4.0"
  resolved "https://registry.yarnpkg.com/@vercel/build-utils/-/build-utils-2.4.0.tgz#c756a3804f072cc693ebe0bbcc1adcce61b9f15c"
  integrity sha512-VRXMLBPDcpFUHQMgHdgYHBl9SRwqNFb43tgkMdTYaNml2HgqlLNvNuINKlqwB2/Q/tARIWcm4jmPKR0gu1CaEQ==
